<?xml version="1.0" encoding="utf-8"?>
<Project ToolsVersion="4.0" xmlns="http://schemas.microsoft.com/developer/msbuild/2003">
  <ItemGroup>
    <Filter Include="소스 파일">
      <UniqueIdentifier>{4FC737F1-C7A5-4376-A066-2A32D752A2FF}</UniqueIdentifier>
      <Extensions>cpp;c;cc;cxx;c++;cppm;ixx;def;odl;idl;hpj;bat;asm;asmx</Extensions>
    </Filter>
    <Filter Include="헤더 파일">
      <UniqueIdentifier>{93995380-89BD-4b04-88EB-625FBE52EBFB}</UniqueIdentifier>
      <Extensions>h;hh;hpp;hxx;h++;hm;inl;inc;ipp;xsd</Extensions>
    </Filter>
    <Filter Include="리소스 파일">
      <UniqueIdentifier>{67DA6AB6-F800-4c08-8B7A-83BB121AAD01}</UniqueIdentifier>
      <Extensions>rc;ico;cur;bmp;dlg;rc2;rct;bin;rgs;gif;jpg;jpeg;jpe;resx;tiff;tif;png;wav;mfcribbon-ms</Extensions>
    </Filter>
    <Filter Include="헤더 파일\silver 5">
      <UniqueIdentifier>{ad458803-655b-4b2f-b4cb-e5b98e63c9d9}</UniqueIdentifier>
    </Filter>
    <Filter Include="헤더 파일\1D array">
      <UniqueIdentifier>{e8ab8b3d-cea2-4e8c-95a4-7f4d8801ce4c}</UniqueIdentifier>
    </Filter>
    <Filter Include="헤더 파일\bronze">
      <UniqueIdentifier>{19b6f3b7-ac17-47f4-8d3b-fea9eddd295f}</UniqueIdentifier>
    </Filter>
    <Filter Include="헤더 파일\silver 4">
      <UniqueIdentifier>{891ff27c-4bc6-470d-897f-4ddcccb268ee}</UniqueIdentifier>
    </Filter>
    <Filter Include="헤더 파일\bronze 1">
      <UniqueIdentifier>{cc2f5cc1-3313-4100-892c-0de0a2b63f08}</UniqueIdentifier>
    </Filter>
    <Filter Include="헤더 파일\silver 3">
      <UniqueIdentifier>{ddb15805-56c2-4808-92df-93c31f7a756b}</UniqueIdentifier>
    </Filter>
    <Filter Include="헤더 파일\gold5">
      <UniqueIdentifier>{aaa130d8-dc94-4e9b-b004-cf91fb686d2c}</UniqueIdentifier>
    </Filter>
    <Filter Include="헤더 파일\gold4">
      <UniqueIdentifier>{85dbcec6-278a-400e-b854-dd513fec73ec}</UniqueIdentifier>
    </Filter>
    <Filter Include="헤더 파일\etc">
      <UniqueIdentifier>{e56d6560-3f3c-48fe-8ef2-b59cf049bfa6}</UniqueIdentifier>
    </Filter>
    <Filter Include="헤더 파일\gold3">
      <UniqueIdentifier>{a5746a28-d042-40a7-a3b1-b6ee23868bb5}</UniqueIdentifier>
    </Filter>
  </ItemGroup>
  <ItemGroup>
    <ClCompile Include="BAEKJOON.cpp">
      <Filter>소스 파일</Filter>
    </ClCompile>
  </ItemGroup>
  <ItemGroup>
    <ClInclude Include="10818.h">
      <Filter>헤더 파일\1D array</Filter>
    </ClInclude>
    <ClInclude Include="2562.h">
      <Filter>헤더 파일\1D array</Filter>
    </ClInclude>
    <ClInclude Include="2577.h">
      <Filter>헤더 파일\1D array</Filter>
    </ClInclude>
    <ClInclude Include="3052.h">
      <Filter>헤더 파일\1D array</Filter>
    </ClInclude>
    <ClInclude Include="1546.h">
      <Filter>헤더 파일\1D array</Filter>
    </ClInclude>
    <ClInclude Include="8958.h">
      <Filter>헤더 파일\1D array</Filter>
    </ClInclude>
    <ClInclude Include="2675.h">
      <Filter>헤더 파일\1D array</Filter>
    </ClInclude>
    <ClInclude Include="1094.h">
      <Filter>헤더 파일\silver 5</Filter>
    </ClInclude>
    <ClInclude Include="1934.h">
      <Filter>헤더 파일\silver 5</Filter>
    </ClInclude>
    <ClInclude Include="2609.h">
      <Filter>헤더 파일\silver 5</Filter>
    </ClInclude>
    <ClInclude Include="4344.h">
      <Filter>헤더 파일\bronze 1</Filter>
    </ClInclude>
    <ClInclude Include="2839.h">
      <Filter>헤더 파일\bronze 1</Filter>
    </ClInclude>
    <ClInclude Include="2750.h">
      <Filter>헤더 파일\bronze 1</Filter>
    </ClInclude>
    <ClInclude Include="1157.h">
      <Filter>헤더 파일\bronze 1</Filter>
    </ClInclude>
    <ClInclude Include="10817.h">
      <Filter>헤더 파일\bronze</Filter>
    </ClInclude>
    <ClInclude Include="14681.h">
      <Filter>헤더 파일\bronze</Filter>
    </ClInclude>
    <ClInclude Include="2739.h">
      <Filter>헤더 파일\bronze</Filter>
    </ClInclude>
    <ClInclude Include="4673.h">
      <Filter>헤더 파일\silver 5</Filter>
    </ClInclude>
    <ClInclude Include="pointer1.h">
      <Filter>헤더 파일\bronze</Filter>
    </ClInclude>
    <ClInclude Include="1924.h">
      <Filter>헤더 파일\bronze 1</Filter>
    </ClInclude>
    <ClInclude Include="11719.h">
      <Filter>헤더 파일\bronze 1</Filter>
    </ClInclude>
    <ClInclude Include="2869.h">
      <Filter>헤더 파일\bronze 1</Filter>
    </ClInclude>
    <ClInclude Include="11050.h">
      <Filter>헤더 파일\bronze 1</Filter>
    </ClInclude>
    <ClInclude Include="2822.h">
      <Filter>헤더 파일\silver 5</Filter>
    </ClInclude>
    <ClInclude Include="1436.h">
      <Filter>헤더 파일\silver 5</Filter>
    </ClInclude>
    <ClInclude Include="1427.h">
      <Filter>헤더 파일\silver 5</Filter>
    </ClInclude>
    <ClInclude Include="2751.h">
      <Filter>헤더 파일\silver 5</Filter>
    </ClInclude>
    <ClInclude Include="1193.h">
      <Filter>헤더 파일\bronze 1</Filter>
    </ClInclude>
    <ClInclude Include="2775.h">
      <Filter>헤더 파일\bronze 1</Filter>
    </ClInclude>
    <ClInclude Include="10989.h">
      <Filter>헤더 파일\bronze 1</Filter>
    </ClInclude>
    <ClInclude Include="11653.h">
      <Filter>헤더 파일\bronze 1</Filter>
    </ClInclude>
    <ClInclude Include="2702.h">
      <Filter>헤더 파일\bronze</Filter>
    </ClInclude>
    <ClInclude Include="2309.h">
      <Filter>헤더 파일\bronze 1</Filter>
    </ClInclude>
    <ClInclude Include="1978.h">
      <Filter>헤더 파일\silver 5</Filter>
    </ClInclude>
    <ClInclude Include="1316.h">
      <Filter>헤더 파일\silver 5</Filter>
    </ClInclude>
    <ClInclude Include="2941.h">
      <Filter>헤더 파일\silver 5</Filter>
    </ClInclude>
    <ClInclude Include="1065.h">
      <Filter>헤더 파일\silver 4</Filter>
    </ClInclude>
    <ClInclude Include="9012.h">
      <Filter>헤더 파일\silver 4</Filter>
    </ClInclude>
    <ClInclude Include="10828.h">
      <Filter>헤더 파일\silver 4</Filter>
    </ClInclude>
    <ClInclude Include="11399.h">
      <Filter>헤더 파일\silver 4</Filter>
    </ClInclude>
    <ClInclude Include="11047.h">
      <Filter>헤더 파일\silver 4</Filter>
    </ClInclude>
    <ClInclude Include="1920.h">
      <Filter>헤더 파일\silver 4</Filter>
    </ClInclude>
    <ClInclude Include="1018.h">
      <Filter>헤더 파일\silver 4</Filter>
    </ClInclude>
    <ClInclude Include="10845.h">
      <Filter>헤더 파일\silver 4</Filter>
    </ClInclude>
    <ClInclude Include="7568.h">
      <Filter>헤더 파일\silver 5</Filter>
    </ClInclude>
    <ClInclude Include="1181.h">
      <Filter>헤더 파일\silver 5</Filter>
    </ClInclude>
    <ClInclude Include="2581.h">
      <Filter>헤더 파일\silver 5</Filter>
    </ClInclude>
    <ClInclude Include="11650.h">
      <Filter>헤더 파일\silver 5</Filter>
    </ClInclude>
    <ClInclude Include="10814.h">
      <Filter>헤더 파일\silver 5</Filter>
    </ClInclude>
    <ClInclude Include="11651.h">
      <Filter>헤더 파일\silver 5</Filter>
    </ClInclude>
    <ClInclude Include="1010.h">
      <Filter>헤더 파일\silver 5</Filter>
    </ClInclude>
    <ClInclude Include="11866.h">
      <Filter>헤더 파일\silver 5</Filter>
    </ClInclude>
    <ClInclude Include="10815.h">
      <Filter>헤더 파일\silver 5</Filter>
    </ClInclude>
    <ClInclude Include="1676.h">
      <Filter>헤더 파일\silver 5</Filter>
    </ClInclude>
    <ClInclude Include="1476.h">
      <Filter>헤더 파일\silver 5</Filter>
    </ClInclude>
    <ClInclude Include="1475.h">
      <Filter>헤더 파일\silver 5</Filter>
    </ClInclude>
    <ClInclude Include="11723.h">
      <Filter>헤더 파일\silver 5</Filter>
    </ClInclude>
    <ClInclude Include="17478.h">
      <Filter>헤더 파일\silver 5</Filter>
    </ClInclude>
    <ClInclude Include="1789.h">
      <Filter>헤더 파일\silver 5</Filter>
    </ClInclude>
    <ClInclude Include="11004.h">
      <Filter>헤더 파일\silver 5</Filter>
    </ClInclude>
    <ClInclude Include="9655.h">
      <Filter>헤더 파일\silver 5</Filter>
    </ClInclude>
    <ClInclude Include="1439.h">
      <Filter>헤더 파일\silver 5</Filter>
    </ClInclude>
    <ClInclude Include="11728.h">
      <Filter>헤더 파일\silver 5</Filter>
    </ClInclude>
    <ClInclude Include="2740.h">
      <Filter>헤더 파일\silver 5</Filter>
    </ClInclude>
    <ClInclude Include="10867.h">
      <Filter>헤더 파일\silver 5</Filter>
    </ClInclude>
    <ClInclude Include="10773.h">
      <Filter>헤더 파일\silver 4</Filter>
    </ClInclude>
    <ClInclude Include="2164.h">
      <Filter>헤더 파일\silver 4</Filter>
    </ClInclude>
    <ClInclude Include="1158.h">
      <Filter>헤더 파일\silver 4</Filter>
    </ClInclude>
    <ClInclude Include="10866.h">
      <Filter>헤더 파일\silver 4</Filter>
    </ClInclude>
    <ClInclude Include="1026.h">
      <Filter>헤더 파일\silver 4</Filter>
    </ClInclude>
    <ClInclude Include="10816.h">
      <Filter>헤더 파일\silver 4</Filter>
    </ClInclude>
    <ClInclude Include="4949.h">
      <Filter>헤더 파일\silver 4</Filter>
    </ClInclude>
    <ClInclude Include="1764.h">
      <Filter>헤더 파일\silver 4</Filter>
    </ClInclude>
    <ClInclude Include="2217.h">
      <Filter>헤더 파일\silver 4</Filter>
    </ClInclude>
    <ClInclude Include="1620.h">
      <Filter>헤더 파일\silver 4</Filter>
    </ClInclude>
    <ClInclude Include="18258.h">
      <Filter>헤더 파일\silver 4</Filter>
    </ClInclude>
    <ClInclude Include="2003.h">
      <Filter>헤더 파일\silver 4</Filter>
    </ClInclude>
    <ClInclude Include="10610.h">
      <Filter>헤더 파일\silver 4</Filter>
    </ClInclude>
    <ClInclude Include="10825.h">
      <Filter>헤더 파일\silver 4</Filter>
    </ClInclude>
    <ClInclude Include="11656.h">
      <Filter>헤더 파일\silver 4</Filter>
    </ClInclude>
    <ClInclude Include="2960.h">
      <Filter>헤더 파일\silver 4</Filter>
    </ClInclude>
    <ClInclude Include="9613.h">
      <Filter>헤더 파일\silver 4</Filter>
    </ClInclude>
    <ClInclude Include="1463.h">
      <Filter>헤더 파일\silver 3</Filter>
    </ClInclude>
    <ClInclude Include="1929.h">
      <Filter>헤더 파일\silver 3</Filter>
    </ClInclude>
    <ClInclude Include="9095.h">
      <Filter>헤더 파일\silver 3</Filter>
    </ClInclude>
    <ClInclude Include="1003.h">
      <Filter>헤더 파일\silver 3</Filter>
    </ClInclude>
    <ClInclude Include="2606.h">
      <Filter>헤더 파일\silver 3</Filter>
    </ClInclude>
    <ClInclude Include="11726.h">
      <Filter>헤더 파일\silver 3</Filter>
    </ClInclude>
    <ClInclude Include="1002.h">
      <Filter>헤더 파일\silver 3</Filter>
    </ClInclude>
    <ClInclude Include="15649.h">
      <Filter>헤더 파일\silver 3</Filter>
    </ClInclude>
    <ClInclude Include="14501.h">
      <Filter>헤더 파일\silver 3</Filter>
    </ClInclude>
    <ClInclude Include="9461.h">
      <Filter>헤더 파일\silver 3</Filter>
    </ClInclude>
    <ClInclude Include="2579.h">
      <Filter>헤더 파일\silver 3</Filter>
    </ClInclude>
    <ClInclude Include="1004.h">
      <Filter>헤더 파일\silver 3</Filter>
    </ClInclude>
    <ClInclude Include="4948.h">
      <Filter>헤더 파일\silver 3</Filter>
    </ClInclude>
    <ClInclude Include="2108.h">
      <Filter>헤더 파일\silver 3</Filter>
    </ClInclude>
    <ClInclude Include="17626.h">
      <Filter>헤더 파일\silver 3</Filter>
    </ClInclude>
    <ClInclude Include="9375.h">
      <Filter>헤더 파일\silver 3</Filter>
    </ClInclude>
    <ClInclude Include="1449.h">
      <Filter>헤더 파일\silver 3</Filter>
    </ClInclude>
    <ClInclude Include="1783.h">
      <Filter>헤더 파일\silver 3</Filter>
    </ClInclude>
    <ClInclude Include="7795.h">
      <Filter>헤더 파일\silver 3</Filter>
    </ClInclude>
    <ClInclude Include="18310.h">
      <Filter>헤더 파일\silver 3</Filter>
    </ClInclude>
    <ClInclude Include="14425.h">
      <Filter>헤더 파일\silver 3</Filter>
    </ClInclude>
    <ClInclude Include="2477.h">
      <Filter>헤더 파일\silver 3</Filter>
    </ClInclude>
    <ClInclude Include="19941.h">
      <Filter>헤더 파일\silver 3</Filter>
    </ClInclude>
    <ClInclude Include="16165.h">
      <Filter>헤더 파일\silver 3</Filter>
    </ClInclude>
    <ClInclude Include="9996.h">
      <Filter>헤더 파일\silver 3</Filter>
    </ClInclude>
    <ClInclude Include="2346.h">
      <Filter>헤더 파일\silver 3</Filter>
    </ClInclude>
    <ClInclude Include="7576.h">
      <Filter>헤더 파일\gold5</Filter>
    </ClInclude>
    <ClInclude Include="1011.h">
      <Filter>헤더 파일\gold5</Filter>
    </ClInclude>
    <ClInclude Include="12865.h">
      <Filter>헤더 파일\gold5</Filter>
    </ClInclude>
    <ClInclude Include="10026.h">
      <Filter>헤더 파일\gold5</Filter>
    </ClInclude>
    <ClInclude Include="16928.h">
      <Filter>헤더 파일\gold5</Filter>
    </ClInclude>
    <ClInclude Include="2447.h">
      <Filter>헤더 파일\gold5</Filter>
    </ClInclude>
    <ClInclude Include="14053.h">
      <Filter>헤더 파일\gold5</Filter>
    </ClInclude>
    <ClInclude Include="14502.h">
      <Filter>헤더 파일\gold4</Filter>
    </ClInclude>
    <ClInclude Include="1759.h">
      <Filter>헤더 파일\gold5</Filter>
    </ClInclude>
    <ClInclude Include="17144.h">
      <Filter>헤더 파일\gold4</Filter>
    </ClInclude>
    <ClInclude Include="2525.h">
      <Filter>헤더 파일\etc</Filter>
    </ClInclude>
    <ClInclude Include="1012.h">
      <Filter>헤더 파일\etc</Filter>
    </ClInclude>
    <ClInclude Include="1107.h">
      <Filter>헤더 파일\gold5</Filter>
    </ClInclude>
    <ClInclude Include="2667.h">
      <Filter>헤더 파일\etc</Filter>
    </ClInclude>
    <ClInclude Include="2448.h">
      <Filter>헤더 파일\gold4</Filter>
    </ClInclude>
    <ClInclude Include="9935.h">
      <Filter>헤더 파일\gold4</Filter>
    </ClInclude>
    <ClInclude Include="9663.h">
      <Filter>헤더 파일\gold4</Filter>
    </ClInclude>
    <ClInclude Include="7785.h">
      <Filter>헤더 파일\silver 5</Filter>
    </ClInclude>
    <ClInclude Include="9251.h">
      <Filter>헤더 파일\gold5</Filter>
    </ClInclude>
    <ClInclude Include="9084.h">
      <Filter>헤더 파일\gold5</Filter>
    </ClInclude>
    <ClInclude Include="1913.h">
      <Filter>헤더 파일\silver 3</Filter>
    </ClInclude>
    <ClInclude Include="1753.h">
      <Filter>헤더 파일\gold4</Filter>
    </ClInclude>
    <ClInclude Include="11444.h">
      <Filter>헤더 파일\etc</Filter>
    </ClInclude>
    <ClInclude Include="15686.h">
      <Filter>헤더 파일\gold5</Filter>
    </ClInclude>
    <ClInclude Include="11054.h">
      <Filter>헤더 파일</Filter>
    </ClInclude>
    <ClInclude Include="2206.h">
      <Filter>헤더 파일\gold4</Filter>
    </ClInclude>
    <ClInclude Include="11404.h">
      <Filter>헤더 파일\gold4</Filter>
    </ClInclude>
    <ClInclude Include="1916.h">
      <Filter>헤더 파일\gold5</Filter>
    </ClInclude>
    <ClInclude Include="2252.h">
      <Filter>헤더 파일\gold3</Filter>
    </ClInclude>
    <ClInclude Include="1016.h">
      <Filter>헤더 파일\etc</Filter>
    </ClInclude>
    <ClInclude Include="2023.h">
      <Filter>헤더 파일\gold3</Filter>
    </ClInclude>
    <ClInclude Include="1806.h">
      <Filter>헤더 파일\gold4</Filter>
    </ClInclude>
    <ClInclude Include="1644.h">
      <Filter>헤더 파일\gold3</Filter>
    </ClInclude>
    <ClInclude Include="2042.h">
      <Filter>헤더 파일\etc</Filter>
    </ClInclude>
    <ClInclude Include="11660.h">
      <Filter>헤더 파일\bronze 1</Filter>
    </ClInclude>
    <ClInclude Include="1027.h">
      <Filter>헤더 파일\gold5</Filter>
    </ClInclude>
    <ClInclude Include="10986.h">
      <Filter>헤더 파일\gold3</Filter>
    </ClInclude>
    <ClInclude Include="1256.h">
      <Filter>헤더 파일\etc</Filter>
    </ClInclude>
    <ClInclude Include="1019.h">
      <Filter>헤더 파일\etc</Filter>
    </ClInclude>
    <ClInclude Include="1405.h">
      <Filter>헤더 파일\gold5</Filter>
    </ClInclude>
    <ClInclude Include="1167.h">
      <Filter>헤더 파일\etc</Filter>
    </ClInclude>
    <ClInclude Include="2225.h">
      <Filter>헤더 파일\gold5</Filter>
    </ClInclude>
    <ClInclude Include="15824.h">
      <Filter>헤더 파일\etc</Filter>
    </ClInclude>
    <ClInclude Include="17401.h">
      <Filter>헤더 파일\etc</Filter>
    </ClInclude>
    <ClInclude Include="14939.h">
      <Filter>헤더 파일\etc</Filter>
    </ClInclude>
    <ClInclude Include="1041.h">
      <Filter>헤더 파일\gold5</Filter>
    </ClInclude>
    <ClInclude Include="1238.h">
      <Filter>헤더 파일\gold3</Filter>
    </ClInclude>
    <ClInclude Include="1912.h">
      <Filter>헤더 파일\etc</Filter>
    </ClInclude>
    <ClInclude Include="1149.h">
      <Filter>헤더 파일\etc</Filter>
    </ClInclude>
    <ClInclude Include="14891.h">
      <Filter>헤더 파일\gold5</Filter>
    </ClInclude>
    <ClInclude Include="1182.h">
      <Filter>헤더 파일\etc</Filter>
    </ClInclude>
    <ClInclude Include="2178.h">
      <Filter>헤더 파일\etc</Filter>
    </ClInclude>
    <ClInclude Include="1260.h">
      <Filter>헤더 파일\etc</Filter>
    </ClInclude>
    <ClInclude Include="5430.h">
      <Filter>헤더 파일\gold5</Filter>
    </ClInclude>
  </ItemGroup>
</Project>